// !$*UTF8*$!
{
	archiveVersion = 1;
	classes = {
	};
	objectVersion = 46;
	objects = {

/* Begin PBXBuildFile section */
		0421A5B01C87A38800E45B71 /* MediaFullScreenViewController.m in Sources */ = {isa = PBXBuildFile; fileRef = 0421A5AF1C87A38800E45B71 /* MediaFullScreenViewController.m */; };
		0421A5B31C88E01700E45B71 /* CircleSpinnerView.m in Sources */ = {isa = PBXBuildFile; fileRef = 0421A5B21C88E01700E45B71 /* CircleSpinnerView.m */; };
		04B5725A1C82C60A00BFF958 /* main.m in Sources */ = {isa = PBXBuildFile; fileRef = 04B572591C82C60A00BFF958 /* main.m */; };
		04B5725D1C82C60A00BFF958 /* AppDelegate.m in Sources */ = {isa = PBXBuildFile; fileRef = 04B5725C1C82C60A00BFF958 /* AppDelegate.m */; };
		04B572651C82C60B00BFF958 /* Assets.xcassets in Resources */ = {isa = PBXBuildFile; fileRef = 04B572641C82C60B00BFF958 /* Assets.xcassets */; };
		04B572681C82C60B00BFF958 /* LaunchScreen.storyboard in Resources */ = {isa = PBXBuildFile; fileRef = 04B572661C82C60B00BFF958 /* LaunchScreen.storyboard */; };
		04B572731C82C60C00BFF958 /* BlocstagramTests.m in Sources */ = {isa = PBXBuildFile; fileRef = 04B572721C82C60C00BFF958 /* BlocstagramTests.m */; };
		04B5727E1C82C60C00BFF958 /* BlocstagramUITests.m in Sources */ = {isa = PBXBuildFile; fileRef = 04B5727D1C82C60C00BFF958 /* BlocstagramUITests.m */; };
		04B572961C82C99100BFF958 /* 1.jpg in Resources */ = {isa = PBXBuildFile; fileRef = 04B5728C1C82C99100BFF958 /* 1.jpg */; };
		04B572971C82C99100BFF958 /* 2.jpg in Resources */ = {isa = PBXBuildFile; fileRef = 04B5728D1C82C99100BFF958 /* 2.jpg */; };
		04B572981C82C99100BFF958 /* 3.jpg in Resources */ = {isa = PBXBuildFile; fileRef = 04B5728E1C82C99100BFF958 /* 3.jpg */; };
		04B572991C82C99100BFF958 /* 4.jpg in Resources */ = {isa = PBXBuildFile; fileRef = 04B5728F1C82C99100BFF958 /* 4.jpg */; };
		04B5729A1C82C99100BFF958 /* 5.jpg in Resources */ = {isa = PBXBuildFile; fileRef = 04B572901C82C99100BFF958 /* 5.jpg */; };
		04B5729B1C82C99100BFF958 /* 6.jpg in Resources */ = {isa = PBXBuildFile; fileRef = 04B572911C82C99100BFF958 /* 6.jpg */; };
		04B5729C1C82C99100BFF958 /* 7.jpg in Resources */ = {isa = PBXBuildFile; fileRef = 04B572921C82C99100BFF958 /* 7.jpg */; };
		04B5729D1C82C99100BFF958 /* 8.jpg in Resources */ = {isa = PBXBuildFile; fileRef = 04B572931C82C99100BFF958 /* 8.jpg */; };
		04B5729E1C82C99100BFF958 /* 9.jpg in Resources */ = {isa = PBXBuildFile; fileRef = 04B572941C82C99100BFF958 /* 9.jpg */; };
		04B5729F1C82C99100BFF958 /* 10.jpg in Resources */ = {isa = PBXBuildFile; fileRef = 04B572951C82C99100BFF958 /* 10.jpg */; };
		04B572A21C82CB5500BFF958 /* ImagesTableViewController.m in Sources */ = {isa = PBXBuildFile; fileRef = 04B572A11C82CB5500BFF958 /* ImagesTableViewController.m */; };
		04B572A81C835C8F00BFF958 /* User.m in Sources */ = {isa = PBXBuildFile; fileRef = 04B572A71C835C8F00BFF958 /* User.m */; };
		04B572AB1C835D8F00BFF958 /* Media.m in Sources */ = {isa = PBXBuildFile; fileRef = 04B572AA1C835D8F00BFF958 /* Media.m */; };
		04B572AE1C835FEA00BFF958 /* Comment.m in Sources */ = {isa = PBXBuildFile; fileRef = 04B572AD1C835FEA00BFF958 /* Comment.m */; };
		04B572B11C83614800BFF958 /* DataSource.m in Sources */ = {isa = PBXBuildFile; fileRef = 04B572B01C83614800BFF958 /* DataSource.m */; };
		04B572B41C838DAB00BFF958 /* MediaTableViewCell.m in Sources */ = {isa = PBXBuildFile; fileRef = 04B572B31C838DAB00BFF958 /* MediaTableViewCell.m */; };
		04B572B71C860D2B00BFF958 /* LoginViewController.m in Sources */ = {isa = PBXBuildFile; fileRef = 04B572B61C860D2B00BFF958 /* LoginViewController.m */; };
		04F30D851C8ABCFD004EE4CC /* CameraToolbar.m in Sources */ = {isa = PBXBuildFile; fileRef = 04F30D841C8ABCFD004EE4CC /* CameraToolbar.m */; };
		04F30D881C8B263E004EE4CC /* CameraViewController.m in Sources */ = {isa = PBXBuildFile; fileRef = 04F30D871C8B263E004EE4CC /* CameraViewController.m */; };
		04F30D8B1C8B4FB1004EE4CC /* UIImage+ImageUtilities.m in Sources */ = {isa = PBXBuildFile; fileRef = 04F30D8A1C8B4FB1004EE4CC /* UIImage+ImageUtilities.m */; };
		04F30D8E1C8B91D3004EE4CC /* CropBox.m in Sources */ = {isa = PBXBuildFile; fileRef = 04F30D8D1C8B91D3004EE4CC /* CropBox.m */; };
		04F30D911C8B9A0E004EE4CC /* CropImageViewController.m in Sources */ = {isa = PBXBuildFile; fileRef = 04F30D901C8B9A0E004EE4CC /* CropImageViewController.m */; };
		04F30D941C8BB0F5004EE4CC /* ImageLibraryViewController.m in Sources */ = {isa = PBXBuildFile; fileRef = 04F30D931C8BB0F5004EE4CC /* ImageLibraryViewController.m */; };
		04F30D971C8BE921004EE4CC /* PostToInstagramViewController.m in Sources */ = {isa = PBXBuildFile; fileRef = 04F30D961C8BE921004EE4CC /* PostToInstagramViewController.m */; };
		04F30D9A1C8CD851004EE4CC /* FilterCollectionViewCell.m in Sources */ = {isa = PBXBuildFile; fileRef = 04F30D991C8CD850004EE4CC /* FilterCollectionViewCell.m */; };
		04F30D9D1C8DE7EC004EE4CC /* UIViewController+AlertController.m in Sources */ = {isa = PBXBuildFile; fileRef = 04F30D9C1C8DE7EC004EE4CC /* UIViewController+AlertController.m */; };
		04F728C21C88F05300BEBE44 /* LikeButton.m in Sources */ = {isa = PBXBuildFile; fileRef = 04F728C11C88F05300BEBE44 /* LikeButton.m */; };
		04F728C51C89494000BEBE44 /* LikeCountLabel.m in Sources */ = {isa = PBXBuildFile; fileRef = 04F728C41C89494000BEBE44 /* LikeCountLabel.m */; };
		04F728C81C896DEF00BEBE44 /* ComposeCommentView.m in Sources */ = {isa = PBXBuildFile; fileRef = 04F728C71C896DEF00BEBE44 /* ComposeCommentView.m */; };
		4FCE47F031E0229D2B6B5B6E /* libPods.a in Frameworks */ = {isa = PBXBuildFile; fileRef = B8425D331B723A238CCDC2D6 /* libPods.a */; };
/* End PBXBuildFile section */

/* Begin PBXContainerItemProxy section */
		04B5726F1C82C60C00BFF958 /* PBXContainerItemProxy */ = {
			isa = PBXContainerItemProxy;
			containerPortal = 04B5724D1C82C60A00BFF958 /* Project object */;
			proxyType = 1;
			remoteGlobalIDString = 04B572541C82C60A00BFF958;
			remoteInfo = Blocstagram;
		};
		04B5727A1C82C60C00BFF958 /* PBXContainerItemProxy */ = {
			isa = PBXContainerItemProxy;
			containerPortal = 04B5724D1C82C60A00BFF958 /* Project object */;
			proxyType = 1;
			remoteGlobalIDString = 04B572541C82C60A00BFF958;
			remoteInfo = Blocstagram;
		};
/* End PBXContainerItemProxy section */

/* Begin PBXFileReference section */
		0421A5AE1C87A38800E45B71 /* MediaFullScreenViewController.h */ = {isa = PBXFileReference; fileEncoding = 4; lastKnownFileType = sourcecode.c.h; path = MediaFullScreenViewController.h; sourceTree = "<group>"; };
		0421A5AF1C87A38800E45B71 /* MediaFullScreenViewController.m */ = {isa = PBXFileReference; fileEncoding = 4; lastKnownFileType = sourcecode.c.objc; path = MediaFullScreenViewController.m; sourceTree = "<group>"; };
		0421A5B11C88E01700E45B71 /* CircleSpinnerView.h */ = {isa = PBXFileReference; fileEncoding = 4; lastKnownFileType = sourcecode.c.h; path = CircleSpinnerView.h; sourceTree = "<group>"; };
		0421A5B21C88E01700E45B71 /* CircleSpinnerView.m */ = {isa = PBXFileReference; fileEncoding = 4; lastKnownFileType = sourcecode.c.objc; path = CircleSpinnerView.m; sourceTree = "<group>"; };
		04B572551C82C60A00BFF958 /* Blocstagram.app */ = {isa = PBXFileReference; explicitFileType = wrapper.application; includeInIndex = 0; path = Blocstagram.app; sourceTree = BUILT_PRODUCTS_DIR; };
		04B572591C82C60A00BFF958 /* main.m */ = {isa = PBXFileReference; lastKnownFileType = sourcecode.c.objc; path = main.m; sourceTree = "<group>"; };
		04B5725B1C82C60A00BFF958 /* AppDelegate.h */ = {isa = PBXFileReference; lastKnownFileType = sourcecode.c.h; path = AppDelegate.h; sourceTree = "<group>"; };
		04B5725C1C82C60A00BFF958 /* AppDelegate.m */ = {isa = PBXFileReference; lastKnownFileType = sourcecode.c.objc; path = AppDelegate.m; sourceTree = "<group>"; };
		04B572641C82C60B00BFF958 /* Assets.xcassets */ = {isa = PBXFileReference; lastKnownFileType = folder.assetcatalog; path = Assets.xcassets; sourceTree = "<group>"; };
		04B572671C82C60B00BFF958 /* Base */ = {isa = PBXFileReference; lastKnownFileType = file.storyboard; name = Base; path = Base.lproj/LaunchScreen.storyboard; sourceTree = "<group>"; };
		04B572691C82C60B00BFF958 /* Info.plist */ = {isa = PBXFileReference; lastKnownFileType = text.plist.xml; path = Info.plist; sourceTree = "<group>"; };
		04B5726E1C82C60C00BFF958 /* BlocstagramTests.xctest */ = {isa = PBXFileReference; explicitFileType = wrapper.cfbundle; includeInIndex = 0; path = BlocstagramTests.xctest; sourceTree = BUILT_PRODUCTS_DIR; };
		04B572721C82C60C00BFF958 /* BlocstagramTests.m */ = {isa = PBXFileReference; lastKnownFileType = sourcecode.c.objc; path = BlocstagramTests.m; sourceTree = "<group>"; };
		04B572741C82C60C00BFF958 /* Info.plist */ = {isa = PBXFileReference; lastKnownFileType = text.plist.xml; path = Info.plist; sourceTree = "<group>"; };
		04B572791C82C60C00BFF958 /* BlocstagramUITests.xctest */ = {isa = PBXFileReference; explicitFileType = wrapper.cfbundle; includeInIndex = 0; path = BlocstagramUITests.xctest; sourceTree = BUILT_PRODUCTS_DIR; };
		04B5727D1C82C60C00BFF958 /* BlocstagramUITests.m */ = {isa = PBXFileReference; lastKnownFileType = sourcecode.c.objc; path = BlocstagramUITests.m; sourceTree = "<group>"; };
		04B5727F1C82C60C00BFF958 /* Info.plist */ = {isa = PBXFileReference; lastKnownFileType = text.plist.xml; path = Info.plist; sourceTree = "<group>"; };
		04B5728C1C82C99100BFF958 /* 1.jpg */ = {isa = PBXFileReference; lastKnownFileType = image.jpeg; path = 1.jpg; sourceTree = "<group>"; };
		04B5728D1C82C99100BFF958 /* 2.jpg */ = {isa = PBXFileReference; lastKnownFileType = image.jpeg; path = 2.jpg; sourceTree = "<group>"; };
		04B5728E1C82C99100BFF958 /* 3.jpg */ = {isa = PBXFileReference; lastKnownFileType = image.jpeg; path = 3.jpg; sourceTree = "<group>"; };
		04B5728F1C82C99100BFF958 /* 4.jpg */ = {isa = PBXFileReference; lastKnownFileType = image.jpeg; path = 4.jpg; sourceTree = "<group>"; };
		04B572901C82C99100BFF958 /* 5.jpg */ = {isa = PBXFileReference; lastKnownFileType = image.jpeg; path = 5.jpg; sourceTree = "<group>"; };
		04B572911C82C99100BFF958 /* 6.jpg */ = {isa = PBXFileReference; lastKnownFileType = image.jpeg; path = 6.jpg; sourceTree = "<group>"; };
		04B572921C82C99100BFF958 /* 7.jpg */ = {isa = PBXFileReference; lastKnownFileType = image.jpeg; path = 7.jpg; sourceTree = "<group>"; };
		04B572931C82C99100BFF958 /* 8.jpg */ = {isa = PBXFileReference; lastKnownFileType = image.jpeg; path = 8.jpg; sourceTree = "<group>"; };
		04B572941C82C99100BFF958 /* 9.jpg */ = {isa = PBXFileReference; lastKnownFileType = image.jpeg; path = 9.jpg; sourceTree = "<group>"; };
		04B572951C82C99100BFF958 /* 10.jpg */ = {isa = PBXFileReference; lastKnownFileType = image.jpeg; path = 10.jpg; sourceTree = "<group>"; };
		04B572A01C82CB5500BFF958 /* ImagesTableViewController.h */ = {isa = PBXFileReference; fileEncoding = 4; lastKnownFileType = sourcecode.c.h; path = ImagesTableViewController.h; sourceTree = "<group>"; };
		04B572A11C82CB5500BFF958 /* ImagesTableViewController.m */ = {isa = PBXFileReference; fileEncoding = 4; lastKnownFileType = sourcecode.c.objc; path = ImagesTableViewController.m; sourceTree = "<group>"; };
		04B572A61C835C8F00BFF958 /* User.h */ = {isa = PBXFileReference; fileEncoding = 4; lastKnownFileType = sourcecode.c.h; path = User.h; sourceTree = "<group>"; };
		04B572A71C835C8F00BFF958 /* User.m */ = {isa = PBXFileReference; fileEncoding = 4; lastKnownFileType = sourcecode.c.objc; path = User.m; sourceTree = "<group>"; };
		04B572A91C835D8F00BFF958 /* Media.h */ = {isa = PBXFileReference; fileEncoding = 4; lastKnownFileType = sourcecode.c.h; path = Media.h; sourceTree = "<group>"; };
		04B572AA1C835D8F00BFF958 /* Media.m */ = {isa = PBXFileReference; fileEncoding = 4; lastKnownFileType = sourcecode.c.objc; path = Media.m; sourceTree = "<group>"; };
		04B572AC1C835FEA00BFF958 /* Comment.h */ = {isa = PBXFileReference; fileEncoding = 4; lastKnownFileType = sourcecode.c.h; path = Comment.h; sourceTree = "<group>"; };
		04B572AD1C835FEA00BFF958 /* Comment.m */ = {isa = PBXFileReference; fileEncoding = 4; lastKnownFileType = sourcecode.c.objc; path = Comment.m; sourceTree = "<group>"; };
		04B572AF1C83614800BFF958 /* DataSource.h */ = {isa = PBXFileReference; fileEncoding = 4; lastKnownFileType = sourcecode.c.h; path = DataSource.h; sourceTree = "<group>"; };
		04B572B01C83614800BFF958 /* DataSource.m */ = {isa = PBXFileReference; fileEncoding = 4; lastKnownFileType = sourcecode.c.objc; path = DataSource.m; sourceTree = "<group>"; };
		04B572B21C838DAB00BFF958 /* MediaTableViewCell.h */ = {isa = PBXFileReference; fileEncoding = 4; lastKnownFileType = sourcecode.c.h; path = MediaTableViewCell.h; sourceTree = "<group>"; };
		04B572B31C838DAB00BFF958 /* MediaTableViewCell.m */ = {isa = PBXFileReference; fileEncoding = 4; lastKnownFileType = sourcecode.c.objc; path = MediaTableViewCell.m; sourceTree = "<group>"; };
		04B572B51C860D2B00BFF958 /* LoginViewController.h */ = {isa = PBXFileReference; fileEncoding = 4; lastKnownFileType = sourcecode.c.h; path = LoginViewController.h; sourceTree = "<group>"; };
		04B572B61C860D2B00BFF958 /* LoginViewController.m */ = {isa = PBXFileReference; fileEncoding = 4; lastKnownFileType = sourcecode.c.objc; path = LoginViewController.m; sourceTree = "<group>"; };
		04F30D831C8ABCFD004EE4CC /* CameraToolbar.h */ = {isa = PBXFileReference; fileEncoding = 4; lastKnownFileType = sourcecode.c.h; path = CameraToolbar.h; sourceTree = "<group>"; };
		04F30D841C8ABCFD004EE4CC /* CameraToolbar.m */ = {isa = PBXFileReference; fileEncoding = 4; lastKnownFileType = sourcecode.c.objc; path = CameraToolbar.m; sourceTree = "<group>"; };
		04F30D861C8B263E004EE4CC /* CameraViewController.h */ = {isa = PBXFileReference; fileEncoding = 4; lastKnownFileType = sourcecode.c.h; path = CameraViewController.h; sourceTree = "<group>"; };
		04F30D871C8B263E004EE4CC /* CameraViewController.m */ = {isa = PBXFileReference; fileEncoding = 4; lastKnownFileType = sourcecode.c.objc; path = CameraViewController.m; sourceTree = "<group>"; };
		04F30D891C8B4FB1004EE4CC /* UIImage+ImageUtilities.h */ = {isa = PBXFileReference; fileEncoding = 4; lastKnownFileType = sourcecode.c.h; path = "UIImage+ImageUtilities.h"; sourceTree = "<group>"; };
		04F30D8A1C8B4FB1004EE4CC /* UIImage+ImageUtilities.m */ = {isa = PBXFileReference; fileEncoding = 4; lastKnownFileType = sourcecode.c.objc; path = "UIImage+ImageUtilities.m"; sourceTree = "<group>"; };
		04F30D8C1C8B91D3004EE4CC /* CropBox.h */ = {isa = PBXFileReference; fileEncoding = 4; lastKnownFileType = sourcecode.c.h; path = CropBox.h; sourceTree = "<group>"; };
		04F30D8D1C8B91D3004EE4CC /* CropBox.m */ = {isa = PBXFileReference; fileEncoding = 4; lastKnownFileType = sourcecode.c.objc; path = CropBox.m; sourceTree = "<group>"; };
		04F30D8F1C8B9A0E004EE4CC /* CropImageViewController.h */ = {isa = PBXFileReference; fileEncoding = 4; lastKnownFileType = sourcecode.c.h; path = CropImageViewController.h; sourceTree = "<group>"; };
		04F30D901C8B9A0E004EE4CC /* CropImageViewController.m */ = {isa = PBXFileReference; fileEncoding = 4; lastKnownFileType = sourcecode.c.objc; path = CropImageViewController.m; sourceTree = "<group>"; };
		04F30D921C8BB0F5004EE4CC /* ImageLibraryViewController.h */ = {isa = PBXFileReference; fileEncoding = 4; lastKnownFileType = sourcecode.c.h; path = ImageLibraryViewController.h; sourceTree = "<group>"; };
		04F30D931C8BB0F5004EE4CC /* ImageLibraryViewController.m */ = {isa = PBXFileReference; fileEncoding = 4; lastKnownFileType = sourcecode.c.objc; path = ImageLibraryViewController.m; sourceTree = "<group>"; };
		04F30D951C8BE921004EE4CC /* PostToInstagramViewController.h */ = {isa = PBXFileReference; fileEncoding = 4; lastKnownFileType = sourcecode.c.h; path = PostToInstagramViewController.h; sourceTree = "<group>"; };
		04F30D961C8BE921004EE4CC /* PostToInstagramViewController.m */ = {isa = PBXFileReference; fileEncoding = 4; lastKnownFileType = sourcecode.c.objc; path = PostToInstagramViewController.m; sourceTree = "<group>"; };
		04F30D981C8CD84F004EE4CC /* FilterCollectionViewCell.h */ = {isa = PBXFileReference; fileEncoding = 4; lastKnownFileType = sourcecode.c.h; path = FilterCollectionViewCell.h; sourceTree = "<group>"; };
		04F30D991C8CD850004EE4CC /* FilterCollectionViewCell.m */ = {isa = PBXFileReference; fileEncoding = 4; lastKnownFileType = sourcecode.c.objc; path = FilterCollectionViewCell.m; sourceTree = "<group>"; };
		04F30D9B1C8DE7EC004EE4CC /* UIViewController+AlertController.h */ = {isa = PBXFileReference; fileEncoding = 4; lastKnownFileType = sourcecode.c.h; path = "UIViewController+AlertController.h"; sourceTree = "<group>"; };
		04F30D9C1C8DE7EC004EE4CC /* UIViewController+AlertController.m */ = {isa = PBXFileReference; fileEncoding = 4; lastKnownFileType = sourcecode.c.objc; path = "UIViewController+AlertController.m"; sourceTree = "<group>"; };
		04F728C01C88F05300BEBE44 /* LikeButton.h */ = {isa = PBXFileReference; fileEncoding = 4; lastKnownFileType = sourcecode.c.h; path = LikeButton.h; sourceTree = "<group>"; };
		04F728C11C88F05300BEBE44 /* LikeButton.m */ = {isa = PBXFileReference; fileEncoding = 4; lastKnownFileType = sourcecode.c.objc; path = LikeButton.m; sourceTree = "<group>"; };
		04F728C31C89494000BEBE44 /* LikeCountLabel.h */ = {isa = PBXFileReference; fileEncoding = 4; lastKnownFileType = sourcecode.c.h; path = LikeCountLabel.h; sourceTree = "<group>"; };
		04F728C41C89494000BEBE44 /* LikeCountLabel.m */ = {isa = PBXFileReference; fileEncoding = 4; lastKnownFileType = sourcecode.c.objc; path = LikeCountLabel.m; sourceTree = "<group>"; };
		04F728C61C896DEE00BEBE44 /* ComposeCommentView.h */ = {isa = PBXFileReference; fileEncoding = 4; lastKnownFileType = sourcecode.c.h; path = ComposeCommentView.h; sourceTree = "<group>"; };
		04F728C71C896DEF00BEBE44 /* ComposeCommentView.m */ = {isa = PBXFileReference; fileEncoding = 4; lastKnownFileType = sourcecode.c.objc; path = ComposeCommentView.m; sourceTree = "<group>"; };
		364DECFF8469B9F966A49FBD /* Pods.debug.xcconfig */ = {isa = PBXFileReference; includeInIndex = 1; lastKnownFileType = text.xcconfig; name = Pods.debug.xcconfig; path = "Pods/Target Support Files/Pods/Pods.debug.xcconfig"; sourceTree = "<group>"; };
		A7208A788906F453EAD9A4A0 /* Pods.release.xcconfig */ = {isa = PBXFileReference; includeInIndex = 1; lastKnownFileType = text.xcconfig; name = Pods.release.xcconfig; path = "Pods/Target Support Files/Pods/Pods.release.xcconfig"; sourceTree = "<group>"; };
		B8425D331B723A238CCDC2D6 /* libPods.a */ = {isa = PBXFileReference; explicitFileType = archive.ar; includeInIndex = 0; path = libPods.a; sourceTree = BUILT_PRODUCTS_DIR; };
/* End PBXFileReference section */

/* Begin PBXFrameworksBuildPhase section */
		04B572521C82C60A00BFF958 /* Frameworks */ = {
			isa = PBXFrameworksBuildPhase;
			buildActionMask = 2147483647;
			files = (
				4FCE47F031E0229D2B6B5B6E /* libPods.a in Frameworks */,
			);
			runOnlyForDeploymentPostprocessing = 0;
		};
		04B5726B1C82C60C00BFF958 /* Frameworks */ = {
			isa = PBXFrameworksBuildPhase;
			buildActionMask = 2147483647;
			files = (
			);
			runOnlyForDeploymentPostprocessing = 0;
		};
		04B572761C82C60C00BFF958 /* Frameworks */ = {
			isa = PBXFrameworksBuildPhase;
			buildActionMask = 2147483647;
			files = (
			);
			runOnlyForDeploymentPostprocessing = 0;
		};
/* End PBXFrameworksBuildPhase section */

/* Begin PBXGroup section */
		04B5724C1C82C60A00BFF958 = {
			isa = PBXGroup;
			children = (
				04B572571C82C60A00BFF958 /* Blocstagram */,
				04B572711C82C60C00BFF958 /* BlocstagramTests */,
				04B5727C1C82C60C00BFF958 /* BlocstagramUITests */,
				04B572561C82C60A00BFF958 /* Products */,
				3ADE30157DF6DDA559A28F20 /* Pods */,
				ECFD53738C902055D0AEC70F /* Frameworks */,
			);
			sourceTree = "<group>";
		};
		04B572561C82C60A00BFF958 /* Products */ = {
			isa = PBXGroup;
			children = (
				04B572551C82C60A00BFF958 /* Blocstagram.app */,
				04B5726E1C82C60C00BFF958 /* BlocstagramTests.xctest */,
				04B572791C82C60C00BFF958 /* BlocstagramUITests.xctest */,
			);
			name = Products;
			sourceTree = "<group>";
		};
		04B572571C82C60A00BFF958 /* Blocstagram */ = {
			isa = PBXGroup;
			children = (
				04B5728B1C82C8F700BFF958 /* Images */,
				04B5725B1C82C60A00BFF958 /* AppDelegate.h */,
				04B5725C1C82C60A00BFF958 /* AppDelegate.m */,
				04B572A01C82CB5500BFF958 /* ImagesTableViewController.h */,
				04B572A11C82CB5500BFF958 /* ImagesTableViewController.m */,
				04B572B51C860D2B00BFF958 /* LoginViewController.h */,
				04B572B61C860D2B00BFF958 /* LoginViewController.m */,
				0421A5AE1C87A38800E45B71 /* MediaFullScreenViewController.h */,
				0421A5AF1C87A38800E45B71 /* MediaFullScreenViewController.m */,
				04F30D861C8B263E004EE4CC /* CameraViewController.h */,
				04F30D871C8B263E004EE4CC /* CameraViewController.m */,
				04F30D9B1C8DE7EC004EE4CC /* UIViewController+AlertController.h */,
				04F30D9C1C8DE7EC004EE4CC /* UIViewController+AlertController.m */,
				04F30D8F1C8B9A0E004EE4CC /* CropImageViewController.h */,
				04F30D901C8B9A0E004EE4CC /* CropImageViewController.m */,
				04F30D921C8BB0F5004EE4CC /* ImageLibraryViewController.h */,
				04F30D931C8BB0F5004EE4CC /* ImageLibraryViewController.m */,
				04F30D951C8BE921004EE4CC /* PostToInstagramViewController.h */,
				04F30D961C8BE921004EE4CC /* PostToInstagramViewController.m */,
				04B572B21C838DAB00BFF958 /* MediaTableViewCell.h */,
				04B572B31C838DAB00BFF958 /* MediaTableViewCell.m */,
				04F30D981C8CD84F004EE4CC /* FilterCollectionViewCell.h */,
				04F30D991C8CD850004EE4CC /* FilterCollectionViewCell.m */,
				0421A5B11C88E01700E45B71 /* CircleSpinnerView.h */,
				0421A5B21C88E01700E45B71 /* CircleSpinnerView.m */,
				04F728C01C88F05300BEBE44 /* LikeButton.h */,
				04F728C11C88F05300BEBE44 /* LikeButton.m */,
				04F728C31C89494000BEBE44 /* LikeCountLabel.h */,
				04F728C41C89494000BEBE44 /* LikeCountLabel.m */,
				04F728C61C896DEE00BEBE44 /* ComposeCommentView.h */,
				04F728C71C896DEF00BEBE44 /* ComposeCommentView.m */,
				04F30D831C8ABCFD004EE4CC /* CameraToolbar.h */,
				04F30D841C8ABCFD004EE4CC /* CameraToolbar.m */,
				04F30D891C8B4FB1004EE4CC /* UIImage+ImageUtilities.h */,
				04F30D8A1C8B4FB1004EE4CC /* UIImage+ImageUtilities.m */,
				04F30D8C1C8B91D3004EE4CC /* CropBox.h */,
				04F30D8D1C8B91D3004EE4CC /* CropBox.m */,
				04B572A61C835C8F00BFF958 /* User.h */,
				04B572A71C835C8F00BFF958 /* User.m */,
				04B572A91C835D8F00BFF958 /* Media.h */,
				04B572AA1C835D8F00BFF958 /* Media.m */,
				04B572AC1C835FEA00BFF958 /* Comment.h */,
				04B572AD1C835FEA00BFF958 /* Comment.m */,
				04B572AF1C83614800BFF958 /* DataSource.h */,
				04B572B01C83614800BFF958 /* DataSource.m */,
				04B572641C82C60B00BFF958 /* Assets.xcassets */,
				04B572661C82C60B00BFF958 /* LaunchScreen.storyboard */,
				04B572691C82C60B00BFF958 /* Info.plist */,
				04B572581C82C60A00BFF958 /* Supporting Files */,
			);
			path = Blocstagram;
			sourceTree = "<group>";
		};
		04B572581C82C60A00BFF958 /* Supporting Files */ = {
			isa = PBXGroup;
			children = (
				04B572591C82C60A00BFF958 /* main.m */,
			);
			name = "Supporting Files";
			sourceTree = "<group>";
		};
		04B572711C82C60C00BFF958 /* BlocstagramTests */ = {
			isa = PBXGroup;
			children = (
				04B572721C82C60C00BFF958 /* BlocstagramTests.m */,
				04B572741C82C60C00BFF958 /* Info.plist */,
			);
			path = BlocstagramTests;
			sourceTree = "<group>";
		};
		04B5727C1C82C60C00BFF958 /* BlocstagramUITests */ = {
			isa = PBXGroup;
			children = (
				04B5727D1C82C60C00BFF958 /* BlocstagramUITests.m */,
				04B5727F1C82C60C00BFF958 /* Info.plist */,
			);
			path = BlocstagramUITests;
			sourceTree = "<group>";
		};
		04B5728B1C82C8F700BFF958 /* Images */ = {
			isa = PBXGroup;
			children = (
				04B5728C1C82C99100BFF958 /* 1.jpg */,
				04B5728D1C82C99100BFF958 /* 2.jpg */,
				04B5728E1C82C99100BFF958 /* 3.jpg */,
				04B5728F1C82C99100BFF958 /* 4.jpg */,
				04B572901C82C99100BFF958 /* 5.jpg */,
				04B572911C82C99100BFF958 /* 6.jpg */,
				04B572921C82C99100BFF958 /* 7.jpg */,
				04B572931C82C99100BFF958 /* 8.jpg */,
				04B572941C82C99100BFF958 /* 9.jpg */,
				04B572951C82C99100BFF958 /* 10.jpg */,
			);
			name = Images;
			sourceTree = "<group>";
		};
		3ADE30157DF6DDA559A28F20 /* Pods */ = {
			isa = PBXGroup;
			children = (
				364DECFF8469B9F966A49FBD /* Pods.debug.xcconfig */,
				A7208A788906F453EAD9A4A0 /* Pods.release.xcconfig */,
			);
			name = Pods;
			sourceTree = "<group>";
		};
		ECFD53738C902055D0AEC70F /* Frameworks */ = {
			isa = PBXGroup;
			children = (
				B8425D331B723A238CCDC2D6 /* libPods.a */,
			);
			name = Frameworks;
			sourceTree = "<group>";
		};
/* End PBXGroup section */

/* Begin PBXNativeTarget section */
		04B572541C82C60A00BFF958 /* Blocstagram */ = {
			isa = PBXNativeTarget;
			buildConfigurationList = 04B572821C82C60C00BFF958 /* Build configuration list for PBXNativeTarget "Blocstagram" */;
			buildPhases = (
				EA28BBE389157FCE1E9F66F7 /* Check Pods Manifest.lock */,
				04B572511C82C60A00BFF958 /* Sources */,
				04B572521C82C60A00BFF958 /* Frameworks */,
				04B572531C82C60A00BFF958 /* Resources */,
				B2986524AFE0A5A480F505E4 /* Embed Pods Frameworks */,
				F58222136BF986A66A61BC1D /* Copy Pods Resources */,
			);
			buildRules = (
			);
			dependencies = (
			);
			name = Blocstagram;
			productName = Blocstagram;
			productReference = 04B572551C82C60A00BFF958 /* Blocstagram.app */;
			productType = "com.apple.product-type.application";
		};
		04B5726D1C82C60C00BFF958 /* BlocstagramTests */ = {
			isa = PBXNativeTarget;
			buildConfigurationList = 04B572851C82C60C00BFF958 /* Build configuration list for PBXNativeTarget "BlocstagramTests" */;
			buildPhases = (
				04B5726A1C82C60C00BFF958 /* Sources */,
				04B5726B1C82C60C00BFF958 /* Frameworks */,
				04B5726C1C82C60C00BFF958 /* Resources */,
			);
			buildRules = (
			);
			dependencies = (
				04B572701C82C60C00BFF958 /* PBXTargetDependency */,
			);
			name = BlocstagramTests;
			productName = BlocstagramTests;
			productReference = 04B5726E1C82C60C00BFF958 /* BlocstagramTests.xctest */;
			productType = "com.apple.product-type.bundle.unit-test";
		};
		04B572781C82C60C00BFF958 /* BlocstagramUITests */ = {
			isa = PBXNativeTarget;
			buildConfigurationList = 04B572881C82C60C00BFF958 /* Build configuration list for PBXNativeTarget "BlocstagramUITests" */;
			buildPhases = (
				04B572751C82C60C00BFF958 /* Sources */,
				04B572761C82C60C00BFF958 /* Frameworks */,
				04B572771C82C60C00BFF958 /* Resources */,
			);
			buildRules = (
			);
			dependencies = (
				04B5727B1C82C60C00BFF958 /* PBXTargetDependency */,
			);
			name = BlocstagramUITests;
			productName = BlocstagramUITests;
			productReference = 04B572791C82C60C00BFF958 /* BlocstagramUITests.xctest */;
			productType = "com.apple.product-type.bundle.ui-testing";
		};
/* End PBXNativeTarget section */

/* Begin PBXProject section */
		04B5724D1C82C60A00BFF958 /* Project object */ = {
			isa = PBXProject;
			attributes = {
				LastUpgradeCheck = 0720;
				ORGANIZATIONNAME = "Jack Li";
				TargetAttributes = {
					04B572541C82C60A00BFF958 = {
						CreatedOnToolsVersion = 7.2;
					};
					04B5726D1C82C60C00BFF958 = {
						CreatedOnToolsVersion = 7.2;
						TestTargetID = 04B572541C82C60A00BFF958;
					};
					04B572781C82C60C00BFF958 = {
						CreatedOnToolsVersion = 7.2;
						TestTargetID = 04B572541C82C60A00BFF958;
					};
				};
			};
			buildConfigurationList = 04B572501C82C60A00BFF958 /* Build configuration list for PBXProject "Blocstagram" */;
			compatibilityVersion = "Xcode 3.2";
			developmentRegion = English;
			hasScannedForEncodings = 0;
			knownRegions = (
				en,
				Base,
			);
			mainGroup = 04B5724C1C82C60A00BFF958;
			productRefGroup = 04B572561C82C60A00BFF958 /* Products */;
			projectDirPath = "";
			projectRoot = "";
			targets = (
				04B572541C82C60A00BFF958 /* Blocstagram */,
				04B5726D1C82C60C00BFF958 /* BlocstagramTests */,
				04B572781C82C60C00BFF958 /* BlocstagramUITests */,
			);
		};
/* End PBXProject section */

/* Begin PBXResourcesBuildPhase section */
		04B572531C82C60A00BFF958 /* Resources */ = {
			isa = PBXResourcesBuildPhase;
			buildActionMask = 2147483647;
			files = (
				04B5729E1C82C99100BFF958 /* 9.jpg in Resources */,
				04B5729D1C82C99100BFF958 /* 8.jpg in Resources */,
				04B572991C82C99100BFF958 /* 4.jpg in Resources */,
				04B572981C82C99100BFF958 /* 3.jpg in Resources */,
				04B5729B1C82C99100BFF958 /* 6.jpg in Resources */,
				04B572961C82C99100BFF958 /* 1.jpg in Resources */,
				04B572681C82C60B00BFF958 /* LaunchScreen.storyboard in Resources */,
				04B5729A1C82C99100BFF958 /* 5.jpg in Resources */,
				04B5729C1C82C99100BFF958 /* 7.jpg in Resources */,
				04B572971C82C99100BFF958 /* 2.jpg in Resources */,
				04B5729F1C82C99100BFF958 /* 10.jpg in Resources */,
				04B572651C82C60B00BFF958 /* Assets.xcassets in Resources */,
			);
			runOnlyForDeploymentPostprocessing = 0;
		};
		04B5726C1C82C60C00BFF958 /* Resources */ = {
			isa = PBXResourcesBuildPhase;
			buildActionMask = 2147483647;
			files = (
			);
			runOnlyForDeploymentPostprocessing = 0;
		};
		04B572771C82C60C00BFF958 /* Resources */ = {
			isa = PBXResourcesBuildPhase;
			buildActionMask = 2147483647;
			files = (
			);
			runOnlyForDeploymentPostprocessing = 0;
		};
/* End PBXResourcesBuildPhase section */

/* Begin PBXShellScriptBuildPhase section */
		B2986524AFE0A5A480F505E4 /* Embed Pods Frameworks */ = {
			isa = PBXShellScriptBuildPhase;
			buildActionMask = 2147483647;
			files = (
			);
			inputPaths = (
			);
			name = "Embed Pods Frameworks";
			outputPaths = (
			);
			runOnlyForDeploymentPostprocessing = 0;
			shellPath = /bin/sh;
			shellScript = "\"${SRCROOT}/Pods/Target Support Files/Pods/Pods-frameworks.sh\"\n";
			showEnvVarsInLog = 0;
		};
		EA28BBE389157FCE1E9F66F7 /* Check Pods Manifest.lock */ = {
			isa = PBXShellScriptBuildPhase;
			buildActionMask = 2147483647;
			files = (
			);
			inputPaths = (
			);
			name = "Check Pods Manifest.lock";
			outputPaths = (
			);
			runOnlyForDeploymentPostprocessing = 0;
			shellPath = /bin/sh;
			shellScript = "diff \"${PODS_ROOT}/../Podfile.lock\" \"${PODS_ROOT}/Manifest.lock\" > /dev/null\nif [[ $? != 0 ]] ; then\n    cat << EOM\nerror: The sandbox is not in sync with the Podfile.lock. Run 'pod install' or update your CocoaPods installation.\nEOM\n    exit 1\nfi\n";
			showEnvVarsInLog = 0;
		};
		F58222136BF986A66A61BC1D /* Copy Pods Resources */ = {
			isa = PBXShellScriptBuildPhase;
			buildActionMask = 2147483647;
			files = (
			);
			inputPaths = (
			);
			name = "Copy Pods Resources";
			outputPaths = (
			);
			runOnlyForDeploymentPostprocessing = 0;
			shellPath = /bin/sh;
			shellScript = "\"${SRCROOT}/Pods/Target Support Files/Pods/Pods-resources.sh\"\n";
			showEnvVarsInLog = 0;
		};
/* End PBXShellScriptBuildPhase section */

/* Begin PBXSourcesBuildPhase section */
		04B572511C82C60A00BFF958 /* Sources */ = {
			isa = PBXSourcesBuildPhase;
			buildActionMask = 2147483647;
			files = (
				0421A5B01C87A38800E45B71 /* MediaFullScreenViewController.m in Sources */,
				04F30D911C8B9A0E004EE4CC /* CropImageViewController.m in Sources */,
				04F30D9A1C8CD851004EE4CC /* FilterCollectionViewCell.m in Sources */,
				04B572AE1C835FEA00BFF958 /* Comment.m in Sources */,
				04B572AB1C835D8F00BFF958 /* Media.m in Sources */,
				04B572B41C838DAB00BFF958 /* MediaTableViewCell.m in Sources */,
				04B572B11C83614800BFF958 /* DataSource.m in Sources */,
				04B572A81C835C8F00BFF958 /* User.m in Sources */,
				04B572B71C860D2B00BFF958 /* LoginViewController.m in Sources */,
				04F30D8E1C8B91D3004EE4CC /* CropBox.m in Sources */,
				04B5725D1C82C60A00BFF958 /* AppDelegate.m in Sources */,
				04F728C21C88F05300BEBE44 /* LikeButton.m in Sources */,
				04F30D881C8B263E004EE4CC /* CameraViewController.m in Sources */,
				04F30D851C8ABCFD004EE4CC /* CameraToolbar.m in Sources */,
				04F728C51C89494000BEBE44 /* LikeCountLabel.m in Sources */,
				04F30D971C8BE921004EE4CC /* PostToInstagramViewController.m in Sources */,
				04F30D9D1C8DE7EC004EE4CC /* UIViewController+AlertController.m in Sources */,
				04F30D941C8BB0F5004EE4CC /* ImageLibraryViewController.m in Sources */,
				04B5725A1C82C60A00BFF958 /* main.m in Sources */,
				04F30D8B1C8B4FB1004EE4CC /* UIImage+ImageUtilities.m in Sources */,
				04F728C81C896DEF00BEBE44 /* ComposeCommentView.m in Sources */,
				04B572A21C82CB5500BFF958 /* ImagesTableViewController.m in Sources */,
				0421A5B31C88E01700E45B71 /* CircleSpinnerView.m in Sources */,
			);
			runOnlyForDeploymentPostprocessing = 0;
		};
		04B5726A1C82C60C00BFF958 /* Sources */ = {
			isa = PBXSourcesBuildPhase;
			buildActionMask = 2147483647;
			files = (
				04B572731C82C60C00BFF958 /* BlocstagramTests.m in Sources */,
			);
			runOnlyForDeploymentPostprocessing = 0;
		};
		04B572751C82C60C00BFF958 /* Sources */ = {
			isa = PBXSourcesBuildPhase;
			buildActionMask = 2147483647;
			files = (
				04B5727E1C82C60C00BFF958 /* BlocstagramUITests.m in Sources */,
			);
			runOnlyForDeploymentPostprocessing = 0;
		};
/* End PBXSourcesBuildPhase section */

/* Begin PBXTargetDependency section */
		04B572701C82C60C00BFF958 /* PBXTargetDependency */ = {
			isa = PBXTargetDependency;
			target = 04B572541C82C60A00BFF958 /* Blocstagram */;
			targetProxy = 04B5726F1C82C60C00BFF958 /* PBXContainerItemProxy */;
		};
		04B5727B1C82C60C00BFF958 /* PBXTargetDependency */ = {
			isa = PBXTargetDependency;
			target = 04B572541C82C60A00BFF958 /* Blocstagram */;
			targetProxy = 04B5727A1C82C60C00BFF958 /* PBXContainerItemProxy */;
		};
/* End PBXTargetDependency section */

/* Begin PBXVariantGroup section */
		04B572661C82C60B00BFF958 /* LaunchScreen.storyboard */ = {
			isa = PBXVariantGroup;
			children = (
				04B572671C82C60B00BFF958 /* Base */,
			);
			name = LaunchScreen.storyboard;
			sourceTree = "<group>";
		};
/* End PBXVariantGroup section */

/* Begin XCBuildConfiguration section */
		04B572801C82C60C00BFF958 /* Debug */ = {
			isa = XCBuildConfiguration;
			buildSettings = {
				ALWAYS_SEARCH_USER_PATHS = NO;
				CLANG_CXX_LANGUAGE_STANDARD = "gnu++0x";
				CLANG_CXX_LIBRARY = "libc++";
				CLANG_ENABLE_MODULES = YES;
				CLANG_ENABLE_OBJC_ARC = YES;
				CLANG_WARN_BOOL_CONVERSION = YES;
				CLANG_WARN_CONSTANT_CONVERSION = YES;
				CLANG_WARN_DIRECT_OBJC_ISA_USAGE = YES_ERROR;
				CLANG_WARN_EMPTY_BODY = YES;
				CLANG_WARN_ENUM_CONVERSION = YES;
				CLANG_WARN_INT_CONVERSION = YES;
				CLANG_WARN_OBJC_ROOT_CLASS = YES_ERROR;
				CLANG_WARN_UNREACHABLE_CODE = YES;
				CLANG_WARN__DUPLICATE_METHOD_MATCH = YES;
				"CODE_SIGN_IDENTITY[sdk=iphoneos*]" = "iPhone Developer";
				COPY_PHASE_STRIP = NO;
				DEBUG_INFORMATION_FORMAT = dwarf;
				ENABLE_STRICT_OBJC_MSGSEND = YES;
				ENABLE_TESTABILITY = YES;
				GCC_C_LANGUAGE_STANDARD = gnu99;
				GCC_DYNAMIC_NO_PIC = NO;
				GCC_NO_COMMON_BLOCKS = YES;
				GCC_OPTIMIZATION_LEVEL = 0;
				GCC_PREPROCESSOR_DEFINITIONS = (
					"DEBUG=1",
					"$(inherited)",
				);
				GCC_WARN_64_TO_32_BIT_CONVERSION = YES;
				GCC_WARN_ABOUT_RETURN_TYPE = YES_ERROR;
				GCC_WARN_UNDECLARED_SELECTOR = YES;
				GCC_WARN_UNINITIALIZED_AUTOS = YES_AGGRESSIVE;
				GCC_WARN_UNUSED_FUNCTION = YES;
				GCC_WARN_UNUSED_VARIABLE = YES;
				IPHONEOS_DEPLOYMENT_TARGET = 9.2;
				MTL_ENABLE_DEBUG_INFO = YES;
				ONLY_ACTIVE_ARCH = YES;
				SDKROOT = iphoneos;
				TARGETED_DEVICE_FAMILY = "1,2";
			};
			name = Debug;
		};
		04B572811C82C60C00BFF958 /* Release */ = {
			isa = XCBuildConfiguration;
			buildSettings = {
				ALWAYS_SEARCH_USER_PATHS = NO;
				CLANG_CXX_LANGUAGE_STANDARD = "gnu++0x";
				CLANG_CXX_LIBRARY = "libc++";
				CLANG_ENABLE_MODULES = YES;
				CLANG_ENABLE_OBJC_ARC = YES;
				CLANG_WARN_BOOL_CONVERSION = YES;
				CLANG_WARN_CONSTANT_CONVERSION = YES;
				CLANG_WARN_DIRECT_OBJC_ISA_USAGE = YES_ERROR;
				CLANG_WARN_EMPTY_BODY = YES;
				CLANG_WARN_ENUM_CONVERSION = YES;
				CLANG_WARN_INT_CONVERSION = YES;
				CLANG_WARN_OBJC_ROOT_CLASS = YES_ERROR;
				CLANG_WARN_UNREACHABLE_CODE = YES;
				CLANG_WARN__DUPLICATE_METHOD_MATCH = YES;
				"CODE_SIGN_IDENTITY[sdk=iphoneos*]" = "iPhone Developer";
				COPY_PHASE_STRIP = NO;
				DEBUG_INFORMATION_FORMAT = "dwarf-with-dsym";
				ENABLE_NS_ASSERTIONS = NO;
				ENABLE_STRICT_OBJC_MSGSEND = YES;
				GCC_C_LANGUAGE_STANDARD = gnu99;
				GCC_NO_COMMON_BLOCKS = YES;
				GCC_WARN_64_TO_32_BIT_CONVERSION = YES;
				GCC_WARN_ABOUT_RETURN_TYPE = YES_ERROR;
				GCC_WARN_UNDECLARED_SELECTOR = YES;
				GCC_WARN_UNINITIALIZED_AUTOS = YES_AGGRESSIVE;
				GCC_WARN_UNUSED_FUNCTION = YES;
				GCC_WARN_UNUSED_VARIABLE = YES;
				IPHONEOS_DEPLOYMENT_TARGET = 9.2;
				MTL_ENABLE_DEBUG_INFO = NO;
				SDKROOT = iphoneos;
				TARGETED_DEVICE_FAMILY = "1,2";
				VALIDATE_PRODUCT = YES;
			};
			name = Release;
		};
		04B572831C82C60C00BFF958 /* Debug */ = {
			isa = XCBuildConfiguration;
			baseConfigurationReference = 364DECFF8469B9F966A49FBD /* Pods.debug.xcconfig */;
			buildSettings = {
				ASSETCATALOG_COMPILER_APPICON_NAME = AppIcon;
				INFOPLIST_FILE = Blocstagram/Info.plist;
				LD_RUNPATH_SEARCH_PATHS = "$(inherited) @executable_path/Frameworks";
				PRODUCT_BUNDLE_IDENTIFIER = com.drjackl.Blocstagram;
				PRODUCT_NAME = "$(TARGET_NAME)";
			};
			name = Debug;
		};
		04B572841C82C60C00BFF958 /* Release */ = {
			isa = XCBuildConfiguration;
			baseConfigurationReference = A7208A788906F453EAD9A4A0 /* Pods.release.xcconfig */;
			buildSettings = {
				ASSETCATALOG_COMPILER_APPICON_NAME = AppIcon;
				INFOPLIST_FILE = Blocstagram/Info.plist;
				LD_RUNPATH_SEARCH_PATHS = "$(inherited) @executable_path/Frameworks";
				PRODUCT_BUNDLE_IDENTIFIER = com.drjackl.Blocstagram;
				PRODUCT_NAME = "$(TARGET_NAME)";
			};
			name = Release;
		};
		04B572861C82C60C00BFF958 /* Debug */ = {
			isa = XCBuildConfiguration;
			buildSettings = {
				BUNDLE_LOADER = "$(TEST_HOST)";
				INFOPLIST_FILE = BlocstagramTests/Info.plist;
				LD_RUNPATH_SEARCH_PATHS = "$(inherited) @executable_path/Frameworks @loader_path/Frameworks";
				PRODUCT_BUNDLE_IDENTIFIER = com.drjackl.BlocstagramTests;
				PRODUCT_NAME = "$(TARGET_NAME)";
				TEST_HOST = "$(BUILT_PRODUCTS_DIR)/Blocstagram.app/Blocstagram";
			};
			name = Debug;
		};
		04B572871C82C60C00BFF958 /* Release */ = {
			isa = XCBuildConfiguration;
			buildSettings = {
				BUNDLE_LOADER = "$(TEST_HOST)";
				INFOPLIST_FILE = BlocstagramTests/Info.plist;
				LD_RUNPATH_SEARCH_PATHS = "$(inherited) @executable_path/Frameworks @loader_path/Frameworks";
				PRODUCT_BUNDLE_IDENTIFIER = com.drjackl.BlocstagramTests;
				PRODUCT_NAME = "$(TARGET_NAME)";
				TEST_HOST = "$(BUILT_PRODUCTS_DIR)/Blocstagram.app/Blocstagram";
			};
			name = Release;
		};
		04B572891C82C60C00BFF958 /* Debug */ = {
			isa = XCBuildConfiguration;
			buildSettings = {
				INFOPLIST_FILE = BlocstagramUITests/Info.plist;
				LD_RUNPATH_SEARCH_PATHS = "$(inherited) @executable_path/Frameworks @loader_path/Frameworks";
				PRODUCT_BUNDLE_IDENTIFIER = com.drjackl.BlocstagramUITests;
				PRODUCT_NAME = "$(TARGET_NAME)";
				TEST_TARGET_NAME = Blocstagram;
				USES_XCTRUNNER = YES;
			};
			name = Debug;
		};
		04B5728A1C82C60C00BFF958 /* Release */ = {
			isa = XCBuildConfiguration;
			buildSettings = {
				INFOPLIST_FILE = BlocstagramUITests/Info.plist;
				LD_RUNPATH_SEARCH_PATHS = "$(inherited) @executable_path/Frameworks @loader_path/Frameworks";
				PRODUCT_BUNDLE_IDENTIFIER = com.drjackl.BlocstagramUITests;
				PRODUCT_NAME = "$(TARGET_NAME)";
				TEST_TARGET_NAME = Blocstagram;
				USES_XCTRUNNER = YES;
			};
			name = Release;
		};
/* End XCBuildConfiguration section */

/* Begin XCConfigurationList section */
		04B572501C82C60A00BFF958 /* Build configuration list for PBXProject "Blocstagram" */ = {
			isa = XCConfigurationList;
			buildConfigurations = (
				04B572801C82C60C00BFF958 /* Debug */,
				04B572811C82C60C00BFF958 /* Release */,
			);
			defaultConfigurationIsVisible = 0;
			defaultConfigurationName = Release;
		};
		04B572821C82C60C00BFF958 /* Build configuration list for PBXNativeTarget "Blocstagram" */ = {
			isa = XCConfigurationList;
			buildConfigurations = (
				04B572831C82C60C00BFF958 /* Debug */,
				04B572841C82C60C00BFF958 /* Release */,
			);
			defaultConfigurationIsVisible = 0;
			defaultConfigurationName = Release;
		};
		04B572851C82C60C00BFF958 /* Build configuration list for PBXNativeTarget "BlocstagramTests" */ = {
			isa = XCConfigurationList;
			buildConfigurations = (
				04B572861C82C60C00BFF958 /* Debug */,
				04B572871C82C60C00BFF958 /* Release */,
			);
			defaultConfigurationIsVisible = 0;
			defaultConfigurationName = Release;
		};
		04B572881C82C60C00BFF958 /* Build configuration list for PBXNativeTarget "BlocstagramUITests" */ = {
			isa = XCConfigurationList;
			buildConfigurations = (
				04B572891C82C60C00BFF958 /* Debug */,
				04B5728A1C82C60C00BFF958 /* Release */,
			);
			defaultConfigurationIsVisible = 0;
			defaultConfigurationName = Release;
		};
/* End XCConfigurationList section */
	};
	rootObject = 04B5724D1C82C60A00BFF958 /* Project object */;
}
